
Microsoft Visual Studio Solution File, Format Version 12.00
# Visual Studio Version 16
VisualStudioVersion = 16.0.31702.278
MinimumVisualStudioVersion = 10.0.40219.1
Project("{FAE04EC0-301F-11D3-BF4B-00C04F79EFBC}") = "2FA_2PROABC_GROEP3", "2FA_2PROABC_GROEP3\2FA_2PROABC_GROEP3.csproj", "{EC86ED6A-AF04-4F8A-BCD2-D87044F85AFD}"
EndProject
Global
	GlobalSection(SolutionConfigurationPlatforms) = preSolution
		Debug|Any CPU = Debug|Any CPU
		Release|Any CPU = Release|Any CPU
	EndGlobalSection
	GlobalSection(ProjectConfigurationPlatforms) = postSolution
		{EC86ED6A-AF04-4F8A-BCD2-D87044F85AFD}.Debug|Any CPU.ActiveCfg = Debug|Any CPU
		{EC86ED6A-AF04-4F8A-BCD2-D87044F85AFD}.Debug|Any CPU.Build.0 = Debug|Any CPU
		{EC86ED6A-AF04-4F8A-BCD2-D87044F85AFD}.Release|Any CPU.ActiveCfg = Release|Any CPU
		{EC86ED6A-AF04-4F8A-BCD2-D87044F85AFD}.Release|Any CPU.Build.0 = Release|Any CPU
	EndGlobalSection
	GlobalSection(SolutionProperties) = preSolution
		HideSolutionNode = FALSE
	EndGlobalSection
	GlobalSection(ExtensibilityGlobals) = postSolution
		SolutionGuid = {26149C5E-2890-48D8-9586-7514AD895074}
	EndGlobalSection
EndGlobal
